
Microsoft Visual Studio Solution File, Format Version 12.00
# Visual Studio Version 16
VisualStudioVersion = 16.0.30711.63
MinimumVisualStudioVersion = 10.0.40219.1
Project("{FAE04EC0-301F-11D3-BF4B-00C04F79EFBC}") = "IDGenWebsite", "IDGenWebsite.csproj", "{E879475F-5B3B-40BC-8B5E-4E42EE39193D}"
EndProject
Global
	GlobalSection(SolutionConfigurationPlatforms) = preSolution
		Debug|Any CPU = Debug|Any CPU
		Release|Any CPU = Release|Any CPU
	EndGlobalSection
	GlobalSection(ProjectConfigurationPlatforms) = postSolution
		{E879475F-5B3B-40BC-8B5E-4E42EE39193D}.Debug|Any CPU.ActiveCfg = Debug|Any CPU
		{E879475F-5B3B-40BC-8B5E-4E42EE39193D}.Debug|Any CPU.Build.0 = Debug|Any CPU
		{E879475F-5B3B-40BC-8B5E-4E42EE39193D}.Release|Any CPU.ActiveCfg = Release|Any CPU
		{E879475F-5B3B-40BC-8B5E-4E42EE39193D}.Release|Any CPU.Build.0 = Release|Any CPU
	EndGlobalSection
	GlobalSection(SolutionProperties) = preSolution
		HideSolutionNode = FALSE
	EndGlobalSection
	GlobalSection(ExtensibilityGlobals) = postSolution
		SolutionGuid = {2EA58FE5-0EA6-4ACF-AFE8-BE6DFBAF3B6B}
	EndGlobalSection
EndGlobal
